
Microsoft Visual Studio Solution File, Format Version 11.00
# Visual Studio 2010
Project("{FAE04EC0-301F-11D3-BF4B-00C04F79EFBC}") = "Storelib", "Storelib\Storelib.csproj", "{86003EDE-4C88-4E05-B35E-F809D6994C53}"
EndProject
Project("{FAE04EC0-301F-11D3-BF4B-00C04F79EFBC}") = "StoreClient", "StoreClient\StoreClient.csproj", "{563D2043-3E60-4D73-82C6-985701EABDED}"
	ProjectSection(ProjectDependencies) = postProject
		{86003EDE-4C88-4E05-B35E-F809D6994C53} = {86003EDE-4C88-4E05-B35E-F809D6994C53}
	EndProjectSection
EndProject
Project("{FAE04EC0-301F-11D3-BF4B-00C04F79EFBC}") = "testConsole", "testConsole\testConsole.csproj", "{7CA40DB7-769A-4EBD-B882-778E119D973A}"
	ProjectSection(ProjectDependencies) = postProject
		{86003EDE-4C88-4E05-B35E-F809D6994C53} = {86003EDE-4C88-4E05-B35E-F809D6994C53}
	EndProjectSection
EndProject
Project("{FAE04EC0-301F-11D3-BF4B-00C04F79EFBC}") = "HostServer", "HostServer\HostServer.csproj", "{CF59C6F6-4C83-4585-A846-D66572BFF8CE}"
EndProject
Project("{FAE04EC0-301F-11D3-BF4B-00C04F79EFBC}") = "WPFClient", "WPFConsole\WPFClient.csproj", "{25100255-A880-48CA-89B7-4D32DA9FC89B}"
	ProjectSection(ProjectDependencies) = postProject
		{86003EDE-4C88-4E05-B35E-F809D6994C53} = {86003EDE-4C88-4E05-B35E-F809D6994C53}
	EndProjectSection
EndProject
Global
	GlobalSection(SolutionConfigurationPlatforms) = preSolution
		Debug|Any CPU = Debug|Any CPU
		Debug|Mixed Platforms = Debug|Mixed Platforms
		Debug|x86 = Debug|x86
		Release|Any CPU = Release|Any CPU
		Release|Mixed Platforms = Release|Mixed Platforms
		Release|x86 = Release|x86
	EndGlobalSection
	GlobalSection(ProjectConfigurationPlatforms) = postSolution
		{86003EDE-4C88-4E05-B35E-F809D6994C53}.Debug|Any CPU.ActiveCfg = Debug|Any CPU
		{86003EDE-4C88-4E05-B35E-F809D6994C53}.Debug|Any CPU.Build.0 = Debug|Any CPU
		{86003EDE-4C88-4E05-B35E-F809D6994C53}.Debug|Mixed Platforms.ActiveCfg = Debug|Any CPU
		{86003EDE-4C88-4E05-B35E-F809D6994C53}.Debug|Mixed Platforms.Build.0 = Debug|Any CPU
		{86003EDE-4C88-4E05-B35E-F809D6994C53}.Debug|x86.ActiveCfg = Debug|Any CPU
		{86003EDE-4C88-4E05-B35E-F809D6994C53}.Release|Any CPU.ActiveCfg = Release|Any CPU
		{86003EDE-4C88-4E05-B35E-F809D6994C53}.Release|Any CPU.Build.0 = Release|Any CPU
		{86003EDE-4C88-4E05-B35E-F809D6994C53}.Release|Mixed Platforms.ActiveCfg = Release|Any CPU
		{86003EDE-4C88-4E05-B35E-F809D6994C53}.Release|Mixed Platforms.Build.0 = Release|Any CPU
		{86003EDE-4C88-4E05-B35E-F809D6994C53}.Release|x86.ActiveCfg = Release|Any CPU
		{563D2043-3E60-4D73-82C6-985701EABDED}.Debug|Any CPU.ActiveCfg = Debug|x86
		{563D2043-3E60-4D73-82C6-985701EABDED}.Debug|Mixed Platforms.ActiveCfg = Debug|x86
		{563D2043-3E60-4D73-82C6-985701EABDED}.Debug|Mixed Platforms.Build.0 = Debug|x86
		{563D2043-3E60-4D73-82C6-985701EABDED}.Debug|x86.ActiveCfg = Debug|x86
		{563D2043-3E60-4D73-82C6-985701EABDED}.Debug|x86.Build.0 = Debug|x86
		{563D2043-3E60-4D73-82C6-985701EABDED}.Release|Any CPU.ActiveCfg = Release|x86
		{563D2043-3E60-4D73-82C6-985701EABDED}.Release|Mixed Platforms.ActiveCfg = Release|x86
		{563D2043-3E60-4D73-82C6-985701EABDED}.Release|Mixed Platforms.Build.0 = Release|x86
		{563D2043-3E60-4D73-82C6-985701EABDED}.Release|x86.ActiveCfg = Release|x86
		{563D2043-3E60-4D73-82C6-985701EABDED}.Release|x86.Build.0 = Release|x86
		{7CA40DB7-769A-4EBD-B882-778E119D973A}.Debug|Any CPU.ActiveCfg = Debug|x86
		{7CA40DB7-769A-4EBD-B882-778E119D973A}.Debug|Mixed Platforms.ActiveCfg = Debug|x86
		{7CA40DB7-769A-4EBD-B882-778E119D973A}.Debug|Mixed Platforms.Build.0 = Debug|x86
		{7CA40DB7-769A-4EBD-B882-778E119D973A}.Debug|x86.ActiveCfg = Debug|x86
		{7CA40DB7-769A-4EBD-B882-778E119D973A}.Debug|x86.Build.0 = Debug|x86
		{7CA40DB7-769A-4EBD-B882-778E119D973A}.Release|Any CPU.ActiveCfg = Release|x86
		{7CA40DB7-769A-4EBD-B882-778E119D973A}.Release|Mixed Platforms.ActiveCfg = Release|x86
		{7CA40DB7-769A-4EBD-B882-778E119D973A}.Release|Mixed Platforms.Build.0 = Release|x86
		{7CA40DB7-769A-4EBD-B882-778E119D973A}.Release|x86.ActiveCfg = Release|x86
		{7CA40DB7-769A-4EBD-B882-778E119D973A}.Release|x86.Build.0 = Release|x86
		{CF59C6F6-4C83-4585-A846-D66572BFF8CE}.Debug|Any CPU.ActiveCfg = Debug|x86
		{CF59C6F6-4C83-4585-A846-D66572BFF8CE}.Debug|Mixed Platforms.ActiveCfg = Debug|x86
		{CF59C6F6-4C83-4585-A846-D66572BFF8CE}.Debug|Mixed Platforms.Build.0 = Debug|x86
		{CF59C6F6-4C83-4585-A846-D66572BFF8CE}.Debug|x86.ActiveCfg = Debug|x86
		{CF59C6F6-4C83-4585-A846-D66572BFF8CE}.Debug|x86.Build.0 = Debug|x86
		{CF59C6F6-4C83-4585-A846-D66572BFF8CE}.Release|Any CPU.ActiveCfg = Release|x86
		{CF59C6F6-4C83-4585-A846-D66572BFF8CE}.Release|Mixed Platforms.ActiveCfg = Release|x86
		{CF59C6F6-4C83-4585-A846-D66572BFF8CE}.Release|Mixed Platforms.Build.0 = Release|x86
		{CF59C6F6-4C83-4585-A846-D66572BFF8CE}.Release|x86.ActiveCfg = Release|x86
		{CF59C6F6-4C83-4585-A846-D66572BFF8CE}.Release|x86.Build.0 = Release|x86
		{25100255-A880-48CA-89B7-4D32DA9FC89B}.Debug|Any CPU.ActiveCfg = Debug|x86
		{25100255-A880-48CA-89B7-4D32DA9FC89B}.Debug|Mixed Platforms.ActiveCfg = Debug|x86
		{25100255-A880-48CA-89B7-4D32DA9FC89B}.Debug|Mixed Platforms.Build.0 = Debug|x86
		{25100255-A880-48CA-89B7-4D32DA9FC89B}.Debug|x86.ActiveCfg = Debug|x86
		{25100255-A880-48CA-89B7-4D32DA9FC89B}.Debug|x86.Build.0 = Debug|x86
		{25100255-A880-48CA-89B7-4D32DA9FC89B}.Release|Any CPU.ActiveCfg = Release|x86
		{25100255-A880-48CA-89B7-4D32DA9FC89B}.Release|Mixed Platforms.ActiveCfg = Release|x86
		{25100255-A880-48CA-89B7-4D32DA9FC89B}.Release|Mixed Platforms.Build.0 = Release|x86
		{25100255-A880-48CA-89B7-4D32DA9FC89B}.Release|x86.ActiveCfg = Release|x86
		{25100255-A880-48CA-89B7-4D32DA9FC89B}.Release|x86.Build.0 = Release|x86
	EndGlobalSection
	GlobalSection(SolutionProperties) = preSolution
		HideSolutionNode = FALSE
	EndGlobalSection
EndGlobal
